# This file is automatically @generated by Poetry 1.8.4 and should not be changed by hand.

[[package]]
name = "attrs"
version = "24.2.0"
description = "Classes Without Boilerplate"
optional = false
python-versions = ">=3.7"
files = [
    {file = "attrs-24.2.0-py3-none-any.whl", hash = "sha256:81921eb96de3191c8258c199618104dd27ac608d9366f5e35d011eae1867ede2"},
    {file = "attrs-24.2.0.tar.gz", hash = "sha256:5cfb1b9148b5b086569baec03f20d7b6bf3bcacc9a42bebf87ffaaca362f6346"},
]

[package.extras]
benchmark = ["cloudpickle", "hypothesis", "mypy (>=1.11.1)", "pympler", "pytest (>=4.3.0)", "pytest-codspeed", "pytest-mypy-plugins", "pytest-xdist[psutil]"]
cov = ["cloudpickle", "coverage[toml] (>=5.3)", "hypothesis", "mypy (>=1.11.1)", "pympler", "pytest (>=4.3.0)", "pytest-mypy-plugins", "pytest-xdist[psutil]"]
dev = ["cloudpickle", "hypothesis", "mypy (>=1.11.1)", "pre-commit", "pympler", "pytest (>=4.3.0)", "pytest-mypy-plugins", "pytest-xdist[psutil]"]
docs = ["cogapp", "furo", "myst-parser", "sphinx", "sphinx-notfound-page", "sphinxcontrib-towncrier", "towncrier (<24.7)"]
tests = ["cloudpickle", "hypothesis", "mypy (>=1.11.1)", "pympler", "pytest (>=4.3.0)", "pytest-mypy-plugins", "pytest-xdist[psutil]"]
tests-mypy = ["mypy (>=1.11.1)", "pytest-mypy-plugins"]

[[package]]
name = "certifi"
version = "2024.8.30"
description = "Python package for providing Mozilla's CA Bundle."
optional = false
python-versions = ">=3.6"
files = [
    {file = "certifi-2024.8.30-py3-none-any.whl", hash = "sha256:922820b53db7a7257ffbda3f597266d435245903d80737e34f8a45ff3e3230d8"},
    {file = "certifi-2024.8.30.tar.gz", hash = "sha256:bec941d2aa8195e248a60b31ff9f0558284cf01a52591ceda73ea9afffd69fd9"},
]

[[package]]
name = "charset-normalizer"
version = "3.4.0"
description = "The Real First Universal Charset Detector. Open, modern and actively maintained alternative to Chardet."
optional = false
python-versions = ">=3.7.0"
files = [
    {file = "charset_normalizer-3.4.0-cp310-cp310-macosx_10_9_universal2.whl", hash = "sha256:4f9fc98dad6c2eaa32fc3af1417d95b5e3d08aff968df0cd320066def971f9a6"},
    {file = "charset_normalizer-3.4.0-cp310-cp310-macosx_10_9_x86_64.whl", hash = "sha256:0de7b687289d3c1b3e8660d0741874abe7888100efe14bd0f9fd7141bcbda92b"},
    {file = "charset_normalizer-3.4.0-cp310-cp310-macosx_11_0_arm64.whl", hash = "sha256:5ed2e36c3e9b4f21dd9422f6893dec0abf2cca553af509b10cd630f878d3eb99"},
    {file = "charset_normalizer-3.4.0-cp310-cp310-manylinux_2_17_aarch64.manylinux2014_aarch64.whl", hash = "sha256:40d3ff7fc90b98c637bda91c89d51264a3dcf210cade3a2c6f838c7268d7a4ca"},
    {file = "charset_normalizer-3.4.0-cp310-cp310-manylinux_2_17_ppc64le.manylinux2014_ppc64le.whl", hash = "sha256:1110e22af8ca26b90bd6364fe4c763329b0ebf1ee213ba32b68c73de5752323d"},
    {file = "charset_normalizer-3.4.0-cp310-cp310-manylinux_2_17_s390x.manylinux2014_s390x.whl", hash = "sha256:86f4e8cca779080f66ff4f191a685ced73d2f72d50216f7112185dc02b90b9b7"},
    {file = "charset_normalizer-3.4.0-cp310-cp310-manylinux_2_17_x86_64.manylinux2014_x86_64.whl", hash = "sha256:7f683ddc7eedd742e2889d2bfb96d69573fde1d92fcb811979cdb7165bb9c7d3"},
    {file = "charset_normalizer-3.4.0-cp310-cp310-manylinux_2_5_i686.manylinux1_i686.manylinux_2_17_i686.manylinux2014_i686.whl", hash = "sha256:27623ba66c183eca01bf9ff833875b459cad267aeeb044477fedac35e19ba907"},
    {file = "charset_normalizer-3.4.0-cp310-cp310-musllinux_1_2_aarch64.whl", hash = "sha256:f606a1881d2663630ea5b8ce2efe2111740df4b687bd78b34a8131baa007f79b"},
    {file = "charset_normalizer-3.4.0-cp310-cp310-musllinux_1_2_i686.whl", hash = "sha256:0b309d1747110feb25d7ed6b01afdec269c647d382c857ef4663bbe6ad95a912"},
    {file = "charset_normalizer-3.4.0-cp310-cp310-musllinux_1_2_ppc64le.whl", hash = "sha256:136815f06a3ae311fae551c3df1f998a1ebd01ddd424aa5603a4336997629e95"},
    {file = "charset_normalizer-3.4.0-cp310-cp310-musllinux_1_2_s390x.whl", hash = "sha256:14215b71a762336254351b00ec720a8e85cada43b987da5a042e4ce3e82bd68e"},
    {file = "charset_normalizer-3.4.0-cp310-cp310-musllinux_1_2_x86_64.whl", hash = "sha256:79983512b108e4a164b9c8d34de3992f76d48cadc9554c9e60b43f308988aabe"},
    {file = "charset_normalizer-3.4.0-cp310-cp310-win32.whl", hash = "sha256:c94057af19bc953643a33581844649a7fdab902624d2eb739738a30e2b3e60fc"},
    {file = "charset_normalizer-3.4.0-cp310-cp310-win_amd64.whl", hash = "sha256:55f56e2ebd4e3bc50442fbc0888c9d8c94e4e06a933804e2af3e89e2f9c1c749"},
    {file = "charset_normalizer-3.4.0-cp311-cp311-macosx_10_9_universal2.whl", hash = "sha256:0d99dd8ff461990f12d6e42c7347fd9ab2532fb70e9621ba520f9e8637161d7c"},
    {file = "charset_normalizer-3.4.0-cp311-cp311-macosx_10_9_x86_64.whl", hash = "sha256:c57516e58fd17d03ebe67e181a4e4e2ccab1168f8c2976c6a334d4f819fe5944"},
    {file = "charset_normalizer-3.4.0-cp311-cp311-macosx_11_0_arm64.whl", hash = "sha256:6dba5d19c4dfab08e58d5b36304b3f92f3bd5d42c1a3fa37b5ba5cdf6dfcbcee"},
    {file = "charset_normalizer-3.4.0-cp311-cp311-manylinux_2_17_aarch64.manylinux2014_aarch64.whl", hash = "sha256:bf4475b82be41b07cc5e5ff94810e6a01f276e37c2d55571e3fe175e467a1a1c"},
    {file = "charset_normalizer-3.4.0-cp311-cp311-manylinux_2_17_ppc64le.manylinux2014_ppc64le.whl", hash = "sha256:ce031db0408e487fd2775d745ce30a7cd2923667cf3b69d48d219f1d8f5ddeb6"},
    {file = "charset_normalizer-3.4.0-cp311-cp311-manylinux_2_17_s390x.manylinux2014_s390x.whl", hash = "sha256:8ff4e7cdfdb1ab5698e675ca622e72d58a6fa2a8aa58195de0c0061288e6e3ea"},
    {file = "charset_normalizer-3.4.0-cp311-cp311-manylinux_2_17_x86_64.manylinux2014_x86_64.whl", hash = "sha256:3710a9751938947e6327ea9f3ea6332a09bf0ba0c09cae9cb1f250bd1f1549bc"},
    {file = "charset_normalizer-3.4.0-cp311-cp311-manylinux_2_5_i686.manylinux1_i686.manylinux_2_17_i686.manylinux2014_i686.whl", hash = "sha256:82357d85de703176b5587dbe6ade8ff67f9f69a41c0733cf2425378b49954de5"},
    {file = "charset_normalizer-3.4.0-cp311-cp311-musllinux_1_2_aarch64.whl", hash = "sha256:47334db71978b23ebcf3c0f9f5ee98b8d65992b65c9c4f2d34c2eaf5bcaf0594"},
    {file = "charset_normalizer-3.4.0-cp311-cp311-musllinux_1_2_i686.whl", hash = "sha256:8ce7fd6767a1cc5a92a639b391891bf1c268b03ec7e021c7d6d902285259685c"},
    {file = "charset_normalizer-3.4.0-cp311-cp311-musllinux_1_2_ppc64le.whl", hash = "sha256:f1a2f519ae173b5b6a2c9d5fa3116ce16e48b3462c8b96dfdded11055e3d6365"},
    {file = "charset_normalizer-3.4.0-cp311-cp311-musllinux_1_2_s390x.whl", hash = "sha256:63bc5c4ae26e4bc6be6469943b8253c0fd4e4186c43ad46e713ea61a0ba49129"},
    {file = "charset_normalizer-3.4.0-cp311-cp311-musllinux_1_2_x86_64.whl", hash = "sha256:bcb4f8ea87d03bc51ad04add8ceaf9b0f085ac045ab4d74e73bbc2dc033f0236"},
    {file = "charset_normalizer-3.4.0-cp311-cp311-win32.whl", hash = "sha256:9ae4ef0b3f6b41bad6366fb0ea4fc1d7ed051528e113a60fa2a65a9abb5b1d99"},
    {file = "charset_normalizer-3.4.0-cp311-cp311-win_amd64.whl", hash = "sha256:cee4373f4d3ad28f1ab6290684d8e2ebdb9e7a1b74fdc39e4c211995f77bec27"},
    {file = "charset_normalizer-3.4.0-cp312-cp312-macosx_10_13_universal2.whl", hash = "sha256:0713f3adb9d03d49d365b70b84775d0a0d18e4ab08d12bc46baa6132ba78aaf6"},
    {file = "charset_normalizer-3.4.0-cp312-cp312-macosx_10_13_x86_64.whl", hash = "sha256:de7376c29d95d6719048c194a9cf1a1b0393fbe8488a22008610b0361d834ecf"},
    {file = "charset_normalizer-3.4.0-cp312-cp312-macosx_11_0_arm64.whl", hash = "sha256:4a51b48f42d9358460b78725283f04bddaf44a9358197b889657deba38f329db"},
    {file = "charset_normalizer-3.4.0-cp312-cp312-manylinux_2_17_aarch64.manylinux2014_aarch64.whl", hash = "sha256:b295729485b06c1a0683af02a9e42d2caa9db04a373dc38a6a58cdd1e8abddf1"},
    {file = "charset_normalizer-3.4.0-cp312-cp312-manylinux_2_17_ppc64le.manylinux2014_ppc64le.whl", hash = "sha256:ee803480535c44e7f5ad00788526da7d85525cfefaf8acf8ab9a310000be4b03"},
    {file = "charset_normalizer-3.4.0-cp312-cp312-manylinux_2_17_s390x.manylinux2014_s390x.whl", hash = "sha256:3d59d125ffbd6d552765510e3f31ed75ebac2c7470c7274195b9161a32350284"},
    {file = "charset_normalizer-3.4.0-cp312-cp312-manylinux_2_17_x86_64.manylinux2014_x86_64.whl", hash = "sha256:8cda06946eac330cbe6598f77bb54e690b4ca93f593dee1568ad22b04f347c15"},
    {file = "charset_normalizer-3.4.0-cp312-cp312-manylinux_2_5_i686.manylinux1_i686.manylinux_2_17_i686.manylinux2014_i686.whl", hash = "sha256:07afec21bbbbf8a5cc3651aa96b980afe2526e7f048fdfb7f1014d84acc8b6d8"},
    {file = "charset_normalizer-3.4.0-cp312-cp312-musllinux_1_2_aarch64.whl", hash = "sha256:6b40e8d38afe634559e398cc32b1472f376a4099c75fe6299ae607e404c033b2"},
    {file = "charset_normalizer-3.4.0-cp312-cp312-musllinux_1_2_i686.whl", hash = "sha256:b8dcd239c743aa2f9c22ce674a145e0a25cb1566c495928440a181ca1ccf6719"},
    {file = "charset_normalizer-3.4.0-cp312-cp312-musllinux_1_2_ppc64le.whl", hash = "sha256:84450ba661fb96e9fd67629b93d2941c871ca86fc38d835d19d4225ff946a631"},
    {file = "charset_normalizer-3.4.0-cp312-cp312-musllinux_1_2_s390x.whl", hash = "sha256:44aeb140295a2f0659e113b31cfe92c9061622cadbc9e2a2f7b8ef6b1e29ef4b"},
    {file = "charset_normalizer-3.4.0-cp312-cp312-musllinux_1_2_x86_64.whl", hash = "sha256:1db4e7fefefd0f548d73e2e2e041f9df5c59e178b4c72fbac4cc6f535cfb1565"},
    {file = "charset_normalizer-3.4.0-cp312-cp312-win32.whl", hash = "sha256:5726cf76c982532c1863fb64d8c6dd0e4c90b6ece9feb06c9f202417a31f7dd7"},
    {file = "charset_normalizer-3.4.0-cp312-cp312-win_amd64.whl", hash = "sha256:b197e7094f232959f8f20541ead1d9862ac5ebea1d58e9849c1bf979255dfac9"},
    {file = "charset_normalizer-3.4.0-cp313-cp313-macosx_10_13_universal2.whl", hash = "sha256:dd4eda173a9fcccb5f2e2bd2a9f423d180194b1bf17cf59e3269899235b2a114"},
    {file = "charset_normalizer-3.4.0-cp313-cp313-macosx_10_13_x86_64.whl", hash = "sha256:e9e3c4c9e1ed40ea53acf11e2a386383c3304212c965773704e4603d589343ed"},
    {file = "charset_normalizer-3.4.0-cp313-cp313-macosx_11_0_arm64.whl", hash = "sha256:92a7e36b000bf022ef3dbb9c46bfe2d52c047d5e3f3343f43204263c5addc250"},
    {file = "charset_normalizer-3.4.0-cp313-cp313-manylinux_2_17_aarch64.manylinux2014_aarch64.whl", hash = "sha256:54b6a92d009cbe2fb11054ba694bc9e284dad30a26757b1e372a1fdddaf21920"},
    {file = "charset_normalizer-3.4.0-cp313-cp313-manylinux_2_17_ppc64le.manylinux2014_ppc64le.whl", hash = "sha256:1ffd9493de4c922f2a38c2bf62b831dcec90ac673ed1ca182fe11b4d8e9f2a64"},
    {file = "charset_normalizer-3.4.0-cp313-cp313-manylinux_2_17_s390x.manylinux2014_s390x.whl", hash = "sha256:35c404d74c2926d0287fbd63ed5d27eb911eb9e4a3bb2c6d294f3cfd4a9e0c23"},
    {file = "charset_normalizer-3.4.0-cp313-cp313-manylinux_2_17_x86_64.manylinux2014_x86_64.whl", hash = "sha256:4796efc4faf6b53a18e3d46343535caed491776a22af773f366534056c4e1fbc"},
    {file = "charset_normalizer-3.4.0-cp313-cp313-manylinux_2_5_i686.manylinux1_i686.manylinux_2_17_i686.manylinux2014_i686.whl", hash = "sha256:e7fdd52961feb4c96507aa649550ec2a0d527c086d284749b2f582f2d40a2e0d"},
    {file = "charset_normalizer-3.4.0-cp313-cp313-musllinux_1_2_aarch64.whl", hash = "sha256:92db3c28b5b2a273346bebb24857fda45601aef6ae1c011c0a997106581e8a88"},
    {file = "charset_normalizer-3.4.0-cp313-cp313-musllinux_1_2_i686.whl", hash = "sha256:ab973df98fc99ab39080bfb0eb3a925181454d7c3ac8a1e695fddfae696d9e90"},
    {file = "charset_normalizer-3.4.0-cp313-cp313-musllinux_1_2_ppc64le.whl", hash = "sha256:4b67fdab07fdd3c10bb21edab3cbfe8cf5696f453afce75d815d9d7223fbe88b"},
    {file = "charset_normalizer-3.4.0-cp313-cp313-musllinux_1_2_s390x.whl", hash = "sha256:aa41e526a5d4a9dfcfbab0716c7e8a1b215abd3f3df5a45cf18a12721d31cb5d"},
    {file = "charset_normalizer-3.4.0-cp313-cp313-musllinux_1_2_x86_64.whl", hash = "sha256:ffc519621dce0c767e96b9c53f09c5d215578e10b02c285809f76509a3931482"},
    {file = "charset_normalizer-3.4.0-cp313-cp313-win32.whl", hash = "sha256:f19c1585933c82098c2a520f8ec1227f20e339e33aca8fa6f956f6691b784e67"},
    {file = "charset_normalizer-3.4.0-cp313-cp313-win_amd64.whl", hash = "sha256:707b82d19e65c9bd28b81dde95249b07bf9f5b90ebe1ef17d9b57473f8a64b7b"},
    {file = "charset_normalizer-3.4.0-cp37-cp37m-macosx_10_9_x86_64.whl", hash = "sha256:dbe03226baf438ac4fda9e2d0715022fd579cb641c4cf639fa40d53b2fe6f3e2"},
    {file = "charset_normalizer-3.4.0-cp37-cp37m-manylinux_2_17_aarch64.manylinux2014_aarch64.whl", hash = "sha256:dd9a8bd8900e65504a305bf8ae6fa9fbc66de94178c420791d0293702fce2df7"},
    {file = "charset_normalizer-3.4.0-cp37-cp37m-manylinux_2_17_ppc64le.manylinux2014_ppc64le.whl", hash = "sha256:b8831399554b92b72af5932cdbbd4ddc55c55f631bb13ff8fe4e6536a06c5c51"},
    {file = "charset_normalizer-3.4.0-cp37-cp37m-manylinux_2_17_s390x.manylinux2014_s390x.whl", hash = "sha256:a14969b8691f7998e74663b77b4c36c0337cb1df552da83d5c9004a93afdb574"},
    {file = "charset_normalizer-3.4.0-cp37-cp37m-manylinux_2_17_x86_64.manylinux2014_x86_64.whl", hash = "sha256:dcaf7c1524c0542ee2fc82cc8ec337f7a9f7edee2532421ab200d2b920fc97cf"},
    {file = "charset_normalizer-3.4.0-cp37-cp37m-manylinux_2_5_i686.manylinux1_i686.manylinux_2_17_i686.manylinux2014_i686.whl", hash = "sha256:425c5f215d0eecee9a56cdb703203dda90423247421bf0d67125add85d0c4455"},
    {file = "charset_normalizer-3.4.0-cp37-cp37m-musllinux_1_2_aarch64.whl", hash = "sha256:d5b054862739d276e09928de37c79ddeec42a6e1bfc55863be96a36ba22926f6"},
    {file = "charset_normalizer-3.4.0-cp37-cp37m-musllinux_1_2_i686.whl", hash = "sha256:f3e73a4255342d4eb26ef6df01e3962e73aa29baa3124a8e824c5d3364a65748"},
    {file = "charset_normalizer-3.4.0-cp37-cp37m-musllinux_1_2_ppc64le.whl", hash = "sha256:2f6c34da58ea9c1a9515621f4d9ac379871a8f21168ba1b5e09d74250de5ad62"},
    {file = "charset_normalizer-3.4.0-cp37-cp37m-musllinux_1_2_s390x.whl", hash = "sha256:f09cb5a7bbe1ecae6e87901a2eb23e0256bb524a79ccc53eb0b7629fbe7677c4"},
    {file = "charset_normalizer-3.4.0-cp37-cp37m-musllinux_1_2_x86_64.whl", hash = "sha256:0099d79bdfcf5c1f0c2c72f91516702ebf8b0b8ddd8905f97a8aecf49712c621"},
    {file = "charset_normalizer-3.4.0-cp37-cp37m-win32.whl", hash = "sha256:9c98230f5042f4945f957d006edccc2af1e03ed5e37ce7c373f00a5a4daa6149"},
    {file = "charset_normalizer-3.4.0-cp37-cp37m-win_amd64.whl", hash = "sha256:62f60aebecfc7f4b82e3f639a7d1433a20ec32824db2199a11ad4f5e146ef5ee"},
    {file = "charset_normalizer-3.4.0-cp38-cp38-macosx_10_9_universal2.whl", hash = "sha256:af73657b7a68211996527dbfeffbb0864e043d270580c5aef06dc4b659a4b578"},
    {file = "charset_normalizer-3.4.0-cp38-cp38-macosx_10_9_x86_64.whl", hash = "sha256:cab5d0b79d987c67f3b9e9c53f54a61360422a5a0bc075f43cab5621d530c3b6"},
    {file = "charset_normalizer-3.4.0-cp38-cp38-macosx_11_0_arm64.whl", hash = "sha256:9289fd5dddcf57bab41d044f1756550f9e7cf0c8e373b8cdf0ce8773dc4bd417"},
    {file = "charset_normalizer-3.4.0-cp38-cp38-manylinux_2_17_aarch64.manylinux2014_aarch64.whl", hash = "sha256:6b493a043635eb376e50eedf7818f2f322eabbaa974e948bd8bdd29eb7ef2a51"},
    {file = "charset_normalizer-3.4.0-cp38-cp38-manylinux_2_17_ppc64le.manylinux2014_ppc64le.whl", hash = "sha256:9fa2566ca27d67c86569e8c85297aaf413ffab85a8960500f12ea34ff98e4c41"},
    {file = "charset_normalizer-3.4.0-cp38-cp38-manylinux_2_17_s390x.manylinux2014_s390x.whl", hash = "sha256:a8e538f46104c815be19c975572d74afb53f29650ea2025bbfaef359d2de2f7f"},
    {file = "charset_normalizer-3.4.0-cp38-cp38-manylinux_2_17_x86_64.manylinux2014_x86_64.whl", hash = "sha256:6fd30dc99682dc2c603c2b315bded2799019cea829f8bf57dc6b61efde6611c8"},
    {file = "charset_normalizer-3.4.0-cp38-cp38-manylinux_2_5_i686.manylinux1_i686.manylinux_2_17_i686.manylinux2014_i686.whl", hash = "sha256:2006769bd1640bdf4d5641c69a3d63b71b81445473cac5ded39740a226fa88ab"},
    {file = "charset_normalizer-3.4.0-cp38-cp38-musllinux_1_2_aarch64.whl", hash = "sha256:dc15e99b2d8a656f8e666854404f1ba54765871104e50c8e9813af8a7db07f12"},
    {file = "charset_normalizer-3.4.0-cp38-cp38-musllinux_1_2_i686.whl", hash = "sha256:ab2e5bef076f5a235c3774b4f4028a680432cded7cad37bba0fd90d64b187d19"},
    {file = "charset_normalizer-3.4.0-cp38-cp38-musllinux_1_2_ppc64le.whl", hash = "sha256:4ec9dd88a5b71abfc74e9df5ebe7921c35cbb3b641181a531ca65cdb5e8e4dea"},
    {file = "charset_normalizer-3.4.0-cp38-cp38-musllinux_1_2_s390x.whl", hash = "sha256:43193c5cda5d612f247172016c4bb71251c784d7a4d9314677186a838ad34858"},
    {file = "charset_normalizer-3.4.0-cp38-cp38-musllinux_1_2_x86_64.whl", hash = "sha256:aa693779a8b50cd97570e5a0f343538a8dbd3e496fa5dcb87e29406ad0299654"},
    {file = "charset_normalizer-3.4.0-cp38-cp38-win32.whl", hash = "sha256:7706f5850360ac01d80c89bcef1640683cc12ed87f42579dab6c5d3ed6888613"},
    {file = "charset_normalizer-3.4.0-cp38-cp38-win_amd64.whl", hash = "sha256:c3e446d253bd88f6377260d07c895816ebf33ffffd56c1c792b13bff9c3e1ade"},
    {file = "charset_normalizer-3.4.0-cp39-cp39-macosx_10_9_universal2.whl", hash = "sha256:980b4f289d1d90ca5efcf07958d3eb38ed9c0b7676bf2831a54d4f66f9c27dfa"},
    {file = "charset_normalizer-3.4.0-cp39-cp39-macosx_10_9_x86_64.whl", hash = "sha256:f28f891ccd15c514a0981f3b9db9aa23d62fe1a99997512b0491d2ed323d229a"},
    {file = "charset_normalizer-3.4.0-cp39-cp39-macosx_11_0_arm64.whl", hash = "sha256:a8aacce6e2e1edcb6ac625fb0f8c3a9570ccc7bfba1f63419b3769ccf6a00ed0"},
    {file = "charset_normalizer-3.4.0-cp39-cp39-manylinux_2_17_aarch64.manylinux2014_aarch64.whl", hash = "sha256:bd7af3717683bea4c87acd8c0d3d5b44d56120b26fd3f8a692bdd2d5260c620a"},
    {file = "charset_normalizer-3.4.0-cp39-cp39-manylinux_2_17_ppc64le.manylinux2014_ppc64le.whl", hash = "sha256:5ff2ed8194587faf56555927b3aa10e6fb69d931e33953943bc4f837dfee2242"},
    {file = "charset_normalizer-3.4.0-cp39-cp39-manylinux_2_17_s390x.manylinux2014_s390x.whl", hash = "sha256:e91f541a85298cf35433bf66f3fab2a4a2cff05c127eeca4af174f6d497f0d4b"},
    {file = "charset_normalizer-3.4.0-cp39-cp39-manylinux_2_17_x86_64.manylinux2014_x86_64.whl", hash = "sha256:309a7de0a0ff3040acaebb35ec45d18db4b28232f21998851cfa709eeff49d62"},
    {file = "charset_normalizer-3.4.0-cp39-cp39-manylinux_2_5_i686.manylinux1_i686.manylinux_2_17_i686.manylinux2014_i686.whl", hash = "sha256:285e96d9d53422efc0d7a17c60e59f37fbf3dfa942073f666db4ac71e8d726d0"},
    {file = "charset_normalizer-3.4.0-cp39-cp39-musllinux_1_2_aarch64.whl", hash = "sha256:5d447056e2ca60382d460a604b6302d8db69476fd2015c81e7c35417cfabe4cd"},
    {file = "charset_normalizer-3.4.0-cp39-cp39-musllinux_1_2_i686.whl", hash = "sha256:20587d20f557fe189b7947d8e7ec5afa110ccf72a3128d61a2a387c3313f46be"},
    {file = "charset_normalizer-3.4.0-cp39-cp39-musllinux_1_2_ppc64le.whl", hash = "sha256:130272c698667a982a5d0e626851ceff662565379baf0ff2cc58067b81d4f11d"},
    {file = "charset_normalizer-3.4.0-cp39-cp39-musllinux_1_2_s390x.whl", hash = "sha256:ab22fbd9765e6954bc0bcff24c25ff71dcbfdb185fcdaca49e81bac68fe724d3"},
    {file = "charset_normalizer-3.4.0-cp39-cp39-musllinux_1_2_x86_64.whl", hash = "sha256:7782afc9b6b42200f7362858f9e73b1f8316afb276d316336c0ec3bd73312742"},
    {file = "charset_normalizer-3.4.0-cp39-cp39-win32.whl", hash = "sha256:2de62e8801ddfff069cd5c504ce3bc9672b23266597d4e4f50eda28846c322f2"},
    {file = "charset_normalizer-3.4.0-cp39-cp39-win_amd64.whl", hash = "sha256:95c3c157765b031331dd4db3c775e58deaee050a3042fcad72cbc4189d7c8dca"},
    {file = "charset_normalizer-3.4.0-py3-none-any.whl", hash = "sha256:fe9f97feb71aa9896b81973a7bbada8c49501dc73e58a10fcef6663af95e5079"},
    {file = "charset_normalizer-3.4.0.tar.gz", hash = "sha256:223217c3d4f82c3ac5e29032b3f1c2eb0fb591b72161f86d93f5719079dae93e"},
]

[[package]]
name = "colorama"
version = "0.4.6"
description = "Cross-platform colored terminal text."
optional = false
python-versions = "!=3.0.*,!=3.1.*,!=3.2.*,!=3.3.*,!=3.4.*,!=3.5.*,!=3.6.*,>=2.7"
files = [
    {file = "colorama-0.4.6-py2.py3-none-any.whl", hash = "sha256:4f1d9991f5acc0ca119f9d443620b77f9d6b33703e51011c16baf57afb285fc6"},
    {file = "colorama-0.4.6.tar.gz", hash = "sha256:08695f5cb7ed6e0531a20572697297273c47b8cae5a63ffc6d6ed5c201be6e44"},
]

[[package]]
name = "deepdiff"
version = "8.0.1"
description = "Deep Difference and Search of any Python object/data. Recreate objects by adding adding deltas to each other."
optional = false
python-versions = ">=3.8"
files = [
    {file = "deepdiff-8.0.1-py3-none-any.whl", hash = "sha256:42e99004ce603f9a53934c634a57b04ad5900e0d8ed0abb15e635767489cbc05"},
    {file = "deepdiff-8.0.1.tar.gz", hash = "sha256:245599a4586ab59bb599ca3517a9c42f3318ff600ded5e80a3432693c8ec3c4b"},
]

[package.dependencies]
orderly-set = "5.2.2"

[package.extras]
cli = ["click (==8.1.7)", "pyyaml (==6.0.1)"]
optimize = ["orjson"]

[[package]]
name = "exceptiongroup"
version = "1.2.2"
description = "Backport of PEP 654 (exception groups)"
optional = false
python-versions = ">=3.7"
files = [
    {file = "exceptiongroup-1.2.2-py3-none-any.whl", hash = "sha256:3111b9d131c238bec2f8f516e123e14ba243563fb135d3fe885990585aa7795b"},
    {file = "exceptiongroup-1.2.2.tar.gz", hash = "sha256:47c2edf7c6738fafb49fd34290706d1a1a2f4d1c6df275526b62cbb4aa5393cc"},
]

[package.extras]
test = ["pytest (>=6)"]

[[package]]
name = "idna"
version = "3.10"
description = "Internationalized Domain Names in Applications (IDNA)"
optional = false
python-versions = ">=3.6"
files = [
    {file = "idna-3.10-py3-none-any.whl", hash = "sha256:946d195a0d259cbba61165e88e65941f16e9b36ea6ddb97f00452bae8b1287d3"},
    {file = "idna-3.10.tar.gz", hash = "sha256:12f65c9b470abda6dc35cf8e63cc574b1c52b11df2c86030af0ac09b01b13ea9"},
]

[package.extras]
all = ["flake8 (>=7.1.1)", "mypy (>=1.11.2)", "pytest (>=8.3.2)", "ruff (>=0.6.2)"]

[[package]]
name = "iniconfig"
version = "2.0.0"
description = "brain-dead simple config-ini parsing"
optional = false
python-versions = ">=3.7"
files = [
    {file = "iniconfig-2.0.0-py3-none-any.whl", hash = "sha256:b6a85871a79d2e3b22d2d1b94ac2824226a63c6b741c88f7ae975f18b6778374"},
    {file = "iniconfig-2.0.0.tar.gz", hash = "sha256:2d91e135bf72d31a410b17c16da610a82cb55f6b0477d1a902134b24a455b8b3"},
]

[[package]]
name = "jmespath"
version = "1.0.1"
description = "JSON Matching Expressions"
optional = false
python-versions = ">=3.7"
files = [
    {file = "jmespath-1.0.1-py3-none-any.whl", hash = "sha256:02e2e4cc71b5bcab88332eebf907519190dd9e6e82107fa7f83b1003a6252980"},
    {file = "jmespath-1.0.1.tar.gz", hash = "sha256:90261b206d6defd58fdd5e85f478bf633a2901798906be2ad389150c5c60edbe"},
]

[[package]]
name = "jsonschema"
version = "4.23.0"
description = "An implementation of JSON Schema validation for Python"
optional = false
python-versions = ">=3.8"
files = [
    {file = "jsonschema-4.23.0-py3-none-any.whl", hash = "sha256:fbadb6f8b144a8f8cf9f0b89ba94501d143e50411a1278633f56a7acf7fd5566"},
    {file = "jsonschema-4.23.0.tar.gz", hash = "sha256:d71497fef26351a33265337fa77ffeb82423f3ea21283cd9467bb03999266bc4"},
]

[package.dependencies]
attrs = ">=22.2.0"
jsonschema-specifications = ">=2023.03.6"
referencing = ">=0.28.4"
rpds-py = ">=0.7.1"

[package.extras]
format = ["fqdn", "idna", "isoduration", "jsonpointer (>1.13)", "rfc3339-validator", "rfc3987", "uri-template", "webcolors (>=1.11)"]
format-nongpl = ["fqdn", "idna", "isoduration", "jsonpointer (>1.13)", "rfc3339-validator", "rfc3986-validator (>0.1.0)", "uri-template", "webcolors (>=24.6.0)"]

[[package]]
name = "jsonschema-specifications"
version = "2024.10.1"
description = "The JSON Schema meta-schemas and vocabularies, exposed as a Registry"
optional = false
python-versions = ">=3.9"
files = [
    {file = "jsonschema_specifications-2024.10.1-py3-none-any.whl", hash = "sha256:a09a0680616357d9a0ecf05c12ad234479f549239d0f5b55f3deea67475da9bf"},
    {file = "jsonschema_specifications-2024.10.1.tar.gz", hash = "sha256:0f38b83639958ce1152d02a7f062902c41c8fd20d558b0c34344292d417ae272"},
]

[package.dependencies]
referencing = ">=0.31.0"

[[package]]
name = "loguru"
version = "0.7.2"
description = "Python logging made (stupidly) simple"
optional = false
python-versions = ">=3.5"
files = [
    {file = "loguru-0.7.2-py3-none-any.whl", hash = "sha256:003d71e3d3ed35f0f8984898359d65b79e5b21943f78af86aa5491210429b8eb"},
    {file = "loguru-0.7.2.tar.gz", hash = "sha256:e671a53522515f34fd406340ee968cb9ecafbc4b36c679da03c18fd8d0bd51ac"},
]

[package.dependencies]
colorama = {version = ">=0.3.4", markers = "sys_platform == \"win32\""}
win32-setctime = {version = ">=1.0.0", markers = "sys_platform == \"win32\""}

[package.extras]
dev = ["Sphinx (==7.2.5)", "colorama (==0.4.5)", "colorama (==0.4.6)", "exceptiongroup (==1.1.3)", "freezegun (==1.1.0)", "freezegun (==1.2.2)", "mypy (==v0.910)", "mypy (==v0.971)", "mypy (==v1.4.1)", "mypy (==v1.5.1)", "pre-commit (==3.4.0)", "pytest (==6.1.2)", "pytest (==7.4.0)", "pytest-cov (==2.12.1)", "pytest-cov (==4.1.0)", "pytest-mypy-plugins (==1.9.3)", "pytest-mypy-plugins (==3.0.0)", "sphinx-autobuild (==2021.3.14)", "sphinx-rtd-theme (==1.3.0)", "tox (==3.27.1)", "tox (==4.11.0)"]

[[package]]
name = "orderly-set"
version = "5.2.2"
description = "Orderly set"
optional = false
python-versions = ">=3.8"
files = [
    {file = "orderly_set-5.2.2-py3-none-any.whl", hash = "sha256:f7a37c95a38c01cdfe41c3ffb62925a318a2286ea0a41790c057fc802aec54da"},
    {file = "orderly_set-5.2.2.tar.gz", hash = "sha256:52a18b86aaf3f5d5a498bbdb27bf3253a4e5c57ab38e5b7a56fa00115cd28448"},
]

[[package]]
name = "packaging"
version = "24.2"
description = "Core utilities for Python packages"
optional = false
python-versions = ">=3.8"
files = [
    {file = "packaging-24.2-py3-none-any.whl", hash = "sha256:09abb1bccd265c01f4a3aa3f7a7db064b36514d2cba19a2f694fe6150451a759"},
    {file = "packaging-24.2.tar.gz", hash = "sha256:c228a6dc5e932d346bc5739379109d49e8853dd8223571c7c5b55260edc0b97f"},
]

[[package]]
name = "pluggy"
version = "1.5.0"
description = "plugin and hook calling mechanisms for python"
optional = false
python-versions = ">=3.8"
files = [
    {file = "pluggy-1.5.0-py3-none-any.whl", hash = "sha256:44e1ad92c8ca002de6377e165f3e0f1be63266ab4d554740532335b9d75ea669"},
    {file = "pluggy-1.5.0.tar.gz", hash = "sha256:2cffa88e94fdc978c4c574f15f9e59b7f4201d439195c3715ca9e2486f1d0cf1"},
]

[package.extras]
dev = ["pre-commit", "tox"]
testing = ["pytest", "pytest-benchmark"]

[[package]]
name = "pytest"
version = "8.3.3"
description = "pytest: simple powerful testing with Python"
optional = false
python-versions = ">=3.8"
files = [
    {file = "pytest-8.3.3-py3-none-any.whl", hash = "sha256:a6853c7375b2663155079443d2e45de913a911a11d669df02a50814944db57b2"},
    {file = "pytest-8.3.3.tar.gz", hash = "sha256:70b98107bd648308a7952b06e6ca9a50bc660be218d53c257cc1fc94fda10181"},
]

[package.dependencies]
colorama = {version = "*", markers = "sys_platform == \"win32\""}
exceptiongroup = {version = ">=1.0.0rc8", markers = "python_version < \"3.11\""}
iniconfig = "*"
packaging = "*"
pluggy = ">=1.5,<2"
tomli = {version = ">=1", markers = "python_version < \"3.11\""}

[package.extras]
dev = ["argcomplete", "attrs (>=19.2)", "hypothesis (>=3.56)", "mock", "pygments (>=2.7.2)", "requests", "setuptools", "xmlschema"]

[[package]]
name = "referencing"
version = "0.35.1"
description = "JSON Referencing + Python"
optional = false
python-versions = ">=3.8"
files = [
    {file = "referencing-0.35.1-py3-none-any.whl", hash = "sha256:eda6d3234d62814d1c64e305c1331c9a3a6132da475ab6382eaa997b21ee75de"},
    {file = "referencing-0.35.1.tar.gz", hash = "sha256:25b42124a6c8b632a425174f24087783efb348a6f1e0008e63cd4466fedf703c"},
]

[package.dependencies]
attrs = ">=22.2.0"
rpds-py = ">=0.7.0"

[[package]]
name = "requests"
version = "2.32.3"
description = "Python HTTP for Humans."
optional = false
python-versions = ">=3.8"
files = [
    {file = "requests-2.32.3-py3-none-any.whl", hash = "sha256:70761cfe03c773ceb22aa2f671b4757976145175cdfca038c02654d061d6dcc6"},
    {file = "requests-2.32.3.tar.gz", hash = "sha256:55365417734eb18255590a9ff9eb97e9e1da868d4ccd6402399eaf68af20a760"},
]

[package.dependencies]
certifi = ">=2017.4.17"
charset-normalizer = ">=2,<4"
idna = ">=2.5,<4"
urllib3 = ">=1.21.1,<3"

[package.extras]
socks = ["PySocks (>=1.5.6,!=1.5.7)"]
use-chardet-on-py3 = ["chardet (>=3.0.2,<6)"]

[[package]]
name = "rpds-py"
version = "0.21.0"
description = "Python bindings to Rust's persistent data structures (rpds)"
optional = false
python-versions = ">=3.9"
files = [
    {file = "rpds_py-0.21.0-cp310-cp310-macosx_10_12_x86_64.whl", hash = "sha256:a017f813f24b9df929674d0332a374d40d7f0162b326562daae8066b502d0590"},
    {file = "rpds_py-0.21.0-cp310-cp310-macosx_11_0_arm64.whl", hash = "sha256:20cc1ed0bcc86d8e1a7e968cce15be45178fd16e2ff656a243145e0b439bd250"},
    {file = "rpds_py-0.21.0-cp310-cp310-manylinux_2_17_aarch64.manylinux2014_aarch64.whl", hash = "sha256:ad116dda078d0bc4886cb7840e19811562acdc7a8e296ea6ec37e70326c1b41c"},
    {file = "rpds_py-0.21.0-cp310-cp310-manylinux_2_17_armv7l.manylinux2014_armv7l.whl", hash = "sha256:808f1ac7cf3b44f81c9475475ceb221f982ef548e44e024ad5f9e7060649540e"},
    {file = "rpds_py-0.21.0-cp310-cp310-manylinux_2_17_ppc64le.manylinux2014_ppc64le.whl", hash = "sha256:de552f4a1916e520f2703ec474d2b4d3f86d41f353e7680b597512ffe7eac5d0"},
    {file = "rpds_py-0.21.0-cp310-cp310-manylinux_2_17_s390x.manylinux2014_s390x.whl", hash = "sha256:efec946f331349dfc4ae9d0e034c263ddde19414fe5128580f512619abed05f1"},
    {file = "rpds_py-0.21.0-cp310-cp310-manylinux_2_17_x86_64.manylinux2014_x86_64.whl", hash = "sha256:b80b4690bbff51a034bfde9c9f6bf9357f0a8c61f548942b80f7b66356508bf5"},
    {file = "rpds_py-0.21.0-cp310-cp310-manylinux_2_5_i686.manylinux1_i686.whl", hash = "sha256:085ed25baac88953d4283e5b5bd094b155075bb40d07c29c4f073e10623f9f2e"},
    {file = "rpds_py-0.21.0-cp310-cp310-musllinux_1_2_aarch64.whl", hash = "sha256:daa8efac2a1273eed2354397a51216ae1e198ecbce9036fba4e7610b308b6153"},
    {file = "rpds_py-0.21.0-cp310-cp310-musllinux_1_2_i686.whl", hash = "sha256:95a5bad1ac8a5c77b4e658671642e4af3707f095d2b78a1fdd08af0dfb647624"},
    {file = "rpds_py-0.21.0-cp310-cp310-musllinux_1_2_x86_64.whl", hash = "sha256:3e53861b29a13d5b70116ea4230b5f0f3547b2c222c5daa090eb7c9c82d7f664"},
    {file = "rpds_py-0.21.0-cp310-none-win32.whl", hash = "sha256:ea3a6ac4d74820c98fcc9da4a57847ad2cc36475a8bd9683f32ab6d47a2bd682"},
    {file = "rpds_py-0.21.0-cp310-none-win_amd64.whl", hash = "sha256:b8f107395f2f1d151181880b69a2869c69e87ec079c49c0016ab96860b6acbe5"},
    {file = "rpds_py-0.21.0-cp311-cp311-macosx_10_12_x86_64.whl", hash = "sha256:5555db3e618a77034954b9dc547eae94166391a98eb867905ec8fcbce1308d95"},
    {file = "rpds_py-0.21.0-cp311-cp311-macosx_11_0_arm64.whl", hash = "sha256:97ef67d9bbc3e15584c2f3c74bcf064af36336c10d2e21a2131e123ce0f924c9"},
    {file = "rpds_py-0.21.0-cp311-cp311-manylinux_2_17_aarch64.manylinux2014_aarch64.whl", hash = "sha256:4ab2c2a26d2f69cdf833174f4d9d86118edc781ad9a8fa13970b527bf8236027"},
    {file = "rpds_py-0.21.0-cp311-cp311-manylinux_2_17_armv7l.manylinux2014_armv7l.whl", hash = "sha256:4e8921a259f54bfbc755c5bbd60c82bb2339ae0324163f32868f63f0ebb873d9"},
    {file = "rpds_py-0.21.0-cp311-cp311-manylinux_2_17_ppc64le.manylinux2014_ppc64le.whl", hash = "sha256:8a7ff941004d74d55a47f916afc38494bd1cfd4b53c482b77c03147c91ac0ac3"},
    {file = "rpds_py-0.21.0-cp311-cp311-manylinux_2_17_s390x.manylinux2014_s390x.whl", hash = "sha256:5145282a7cd2ac16ea0dc46b82167754d5e103a05614b724457cffe614f25bd8"},
    {file = "rpds_py-0.21.0-cp311-cp311-manylinux_2_17_x86_64.manylinux2014_x86_64.whl", hash = "sha256:de609a6f1b682f70bb7163da745ee815d8f230d97276db049ab447767466a09d"},
    {file = "rpds_py-0.21.0-cp311-cp311-manylinux_2_5_i686.manylinux1_i686.whl", hash = "sha256:40c91c6e34cf016fa8e6b59d75e3dbe354830777fcfd74c58b279dceb7975b75"},
    {file = "rpds_py-0.21.0-cp311-cp311-musllinux_1_2_aarch64.whl", hash = "sha256:d2132377f9deef0c4db89e65e8bb28644ff75a18df5293e132a8d67748397b9f"},
    {file = "rpds_py-0.21.0-cp311-cp311-musllinux_1_2_i686.whl", hash = "sha256:0a9e0759e7be10109645a9fddaaad0619d58c9bf30a3f248a2ea57a7c417173a"},
    {file = "rpds_py-0.21.0-cp311-cp311-musllinux_1_2_x86_64.whl", hash = "sha256:9e20da3957bdf7824afdd4b6eeb29510e83e026473e04952dca565170cd1ecc8"},
    {file = "rpds_py-0.21.0-cp311-none-win32.whl", hash = "sha256:f71009b0d5e94c0e86533c0b27ed7cacc1239cb51c178fd239c3cfefefb0400a"},
    {file = "rpds_py-0.21.0-cp311-none-win_amd64.whl", hash = "sha256:e168afe6bf6ab7ab46c8c375606298784ecbe3ba31c0980b7dcbb9631dcba97e"},
    {file = "rpds_py-0.21.0-cp312-cp312-macosx_10_12_x86_64.whl", hash = "sha256:30b912c965b2aa76ba5168fd610087bad7fcde47f0a8367ee8f1876086ee6d1d"},
    {file = "rpds_py-0.21.0-cp312-cp312-macosx_11_0_arm64.whl", hash = "sha256:ca9989d5d9b1b300bc18e1801c67b9f6d2c66b8fd9621b36072ed1df2c977f72"},
    {file = "rpds_py-0.21.0-cp312-cp312-manylinux_2_17_aarch64.manylinux2014_aarch64.whl", hash = "sha256:6f54e7106f0001244a5f4cf810ba8d3f9c542e2730821b16e969d6887b664266"},
    {file = "rpds_py-0.21.0-cp312-cp312-manylinux_2_17_armv7l.manylinux2014_armv7l.whl", hash = "sha256:fed5dfefdf384d6fe975cc026886aece4f292feaf69d0eeb716cfd3c5a4dd8be"},
    {file = "rpds_py-0.21.0-cp312-cp312-manylinux_2_17_ppc64le.manylinux2014_ppc64le.whl", hash = "sha256:590ef88db231c9c1eece44dcfefd7515d8bf0d986d64d0caf06a81998a9e8cab"},
    {file = "rpds_py-0.21.0-cp312-cp312-manylinux_2_17_s390x.manylinux2014_s390x.whl", hash = "sha256:f983e4c2f603c95dde63df633eec42955508eefd8d0f0e6d236d31a044c882d7"},
    {file = "rpds_py-0.21.0-cp312-cp312-manylinux_2_17_x86_64.manylinux2014_x86_64.whl", hash = "sha256:b229ce052ddf1a01c67d68166c19cb004fb3612424921b81c46e7ea7ccf7c3bf"},
    {file = "rpds_py-0.21.0-cp312-cp312-manylinux_2_5_i686.manylinux1_i686.whl", hash = "sha256:ebf64e281a06c904a7636781d2e973d1f0926a5b8b480ac658dc0f556e7779f4"},
    {file = "rpds_py-0.21.0-cp312-cp312-musllinux_1_2_aarch64.whl", hash = "sha256:998a8080c4495e4f72132f3d66ff91f5997d799e86cec6ee05342f8f3cda7dca"},
    {file = "rpds_py-0.21.0-cp312-cp312-musllinux_1_2_i686.whl", hash = "sha256:98486337f7b4f3c324ab402e83453e25bb844f44418c066623db88e4c56b7c7b"},
    {file = "rpds_py-0.21.0-cp312-cp312-musllinux_1_2_x86_64.whl", hash = "sha256:a78d8b634c9df7f8d175451cfeac3810a702ccb85f98ec95797fa98b942cea11"},
    {file = "rpds_py-0.21.0-cp312-none-win32.whl", hash = "sha256:a58ce66847711c4aa2ecfcfaff04cb0327f907fead8945ffc47d9407f41ff952"},
    {file = "rpds_py-0.21.0-cp312-none-win_amd64.whl", hash = "sha256:e860f065cc4ea6f256d6f411aba4b1251255366e48e972f8a347cf88077b24fd"},
    {file = "rpds_py-0.21.0-cp313-cp313-macosx_10_12_x86_64.whl", hash = "sha256:ee4eafd77cc98d355a0d02f263efc0d3ae3ce4a7c24740010a8b4012bbb24937"},
    {file = "rpds_py-0.21.0-cp313-cp313-macosx_11_0_arm64.whl", hash = "sha256:688c93b77e468d72579351a84b95f976bd7b3e84aa6686be6497045ba84be560"},
    {file = "rpds_py-0.21.0-cp313-cp313-manylinux_2_17_aarch64.manylinux2014_aarch64.whl", hash = "sha256:c38dbf31c57032667dd5a2f0568ccde66e868e8f78d5a0d27dcc56d70f3fcd3b"},
    {file = "rpds_py-0.21.0-cp313-cp313-manylinux_2_17_armv7l.manylinux2014_armv7l.whl", hash = "sha256:2d6129137f43f7fa02d41542ffff4871d4aefa724a5fe38e2c31a4e0fd343fb0"},
    {file = "rpds_py-0.21.0-cp313-cp313-manylinux_2_17_ppc64le.manylinux2014_ppc64le.whl", hash = "sha256:520ed8b99b0bf86a176271f6fe23024323862ac674b1ce5b02a72bfeff3fff44"},
    {file = "rpds_py-0.21.0-cp313-cp313-manylinux_2_17_s390x.manylinux2014_s390x.whl", hash = "sha256:aaeb25ccfb9b9014a10eaf70904ebf3f79faaa8e60e99e19eef9f478651b9b74"},
    {file = "rpds_py-0.21.0-cp313-cp313-manylinux_2_17_x86_64.manylinux2014_x86_64.whl", hash = "sha256:af04ac89c738e0f0f1b913918024c3eab6e3ace989518ea838807177d38a2e94"},
    {file = "rpds_py-0.21.0-cp313-cp313-manylinux_2_5_i686.manylinux1_i686.whl", hash = "sha256:b9b76e2afd585803c53c5b29e992ecd183f68285b62fe2668383a18e74abe7a3"},
    {file = "rpds_py-0.21.0-cp313-cp313-musllinux_1_2_aarch64.whl", hash = "sha256:5afb5efde74c54724e1a01118c6e5c15e54e642c42a1ba588ab1f03544ac8c7a"},
    {file = "rpds_py-0.21.0-cp313-cp313-musllinux_1_2_i686.whl", hash = "sha256:52c041802a6efa625ea18027a0723676a778869481d16803481ef6cc02ea8cb3"},
    {file = "rpds_py-0.21.0-cp313-cp313-musllinux_1_2_x86_64.whl", hash = "sha256:ee1e4fc267b437bb89990b2f2abf6c25765b89b72dd4a11e21934df449e0c976"},
    {file = "rpds_py-0.21.0-cp313-none-win32.whl", hash = "sha256:0c025820b78817db6a76413fff6866790786c38f95ea3f3d3c93dbb73b632202"},
    {file = "rpds_py-0.21.0-cp313-none-win_amd64.whl", hash = "sha256:320c808df533695326610a1b6a0a6e98f033e49de55d7dc36a13c8a30cfa756e"},
    {file = "rpds_py-0.21.0-cp39-cp39-macosx_10_12_x86_64.whl", hash = "sha256:2c51d99c30091f72a3c5d126fad26236c3f75716b8b5e5cf8effb18889ced928"},
    {file = "rpds_py-0.21.0-cp39-cp39-macosx_11_0_arm64.whl", hash = "sha256:cbd7504a10b0955ea287114f003b7ad62330c9e65ba012c6223dba646f6ffd05"},
    {file = "rpds_py-0.21.0-cp39-cp39-manylinux_2_17_aarch64.manylinux2014_aarch64.whl", hash = "sha256:6dcc4949be728ede49e6244eabd04064336012b37f5c2200e8ec8eb2988b209c"},
    {file = "rpds_py-0.21.0-cp39-cp39-manylinux_2_17_armv7l.manylinux2014_armv7l.whl", hash = "sha256:f414da5c51bf350e4b7960644617c130140423882305f7574b6cf65a3081cecb"},
    {file = "rpds_py-0.21.0-cp39-cp39-manylinux_2_17_ppc64le.manylinux2014_ppc64le.whl", hash = "sha256:9afe42102b40007f588666bc7de82451e10c6788f6f70984629db193849dced1"},
    {file = "rpds_py-0.21.0-cp39-cp39-manylinux_2_17_s390x.manylinux2014_s390x.whl", hash = "sha256:3b929c2bb6e29ab31f12a1117c39f7e6d6450419ab7464a4ea9b0b417174f044"},
    {file = "rpds_py-0.21.0-cp39-cp39-manylinux_2_17_x86_64.manylinux2014_x86_64.whl", hash = "sha256:8404b3717da03cbf773a1d275d01fec84ea007754ed380f63dfc24fb76ce4592"},
    {file = "rpds_py-0.21.0-cp39-cp39-manylinux_2_5_i686.manylinux1_i686.whl", hash = "sha256:e12bb09678f38b7597b8346983d2323a6482dcd59e423d9448108c1be37cac9d"},
    {file = "rpds_py-0.21.0-cp39-cp39-musllinux_1_2_aarch64.whl", hash = "sha256:58a0e345be4b18e6b8501d3b0aa540dad90caeed814c515e5206bb2ec26736fd"},
    {file = "rpds_py-0.21.0-cp39-cp39-musllinux_1_2_i686.whl", hash = "sha256:c3761f62fcfccf0864cc4665b6e7c3f0c626f0380b41b8bd1ce322103fa3ef87"},
    {file = "rpds_py-0.21.0-cp39-cp39-musllinux_1_2_x86_64.whl", hash = "sha256:c2b2f71c6ad6c2e4fc9ed9401080badd1469fa9889657ec3abea42a3d6b2e1ed"},
    {file = "rpds_py-0.21.0-cp39-none-win32.whl", hash = "sha256:b21747f79f360e790525e6f6438c7569ddbfb1b3197b9e65043f25c3c9b489d8"},
    {file = "rpds_py-0.21.0-cp39-none-win_amd64.whl", hash = "sha256:0626238a43152918f9e72ede9a3b6ccc9e299adc8ade0d67c5e142d564c9a83d"},
    {file = "rpds_py-0.21.0-pp310-pypy310_pp73-macosx_10_12_x86_64.whl", hash = "sha256:6b4ef7725386dc0762857097f6b7266a6cdd62bfd209664da6712cb26acef035"},
    {file = "rpds_py-0.21.0-pp310-pypy310_pp73-macosx_11_0_arm64.whl", hash = "sha256:6bc0e697d4d79ab1aacbf20ee5f0df80359ecf55db33ff41481cf3e24f206919"},
    {file = "rpds_py-0.21.0-pp310-pypy310_pp73-manylinux_2_17_aarch64.manylinux2014_aarch64.whl", hash = "sha256:da52d62a96e61c1c444f3998c434e8b263c384f6d68aca8274d2e08d1906325c"},
    {file = "rpds_py-0.21.0-pp310-pypy310_pp73-manylinux_2_17_armv7l.manylinux2014_armv7l.whl", hash = "sha256:98e4fe5db40db87ce1c65031463a760ec7906ab230ad2249b4572c2fc3ef1f9f"},
    {file = "rpds_py-0.21.0-pp310-pypy310_pp73-manylinux_2_17_ppc64le.manylinux2014_ppc64le.whl", hash = "sha256:30bdc973f10d28e0337f71d202ff29345320f8bc49a31c90e6c257e1ccef4333"},
    {file = "rpds_py-0.21.0-pp310-pypy310_pp73-manylinux_2_17_s390x.manylinux2014_s390x.whl", hash = "sha256:faa5e8496c530f9c71f2b4e1c49758b06e5f4055e17144906245c99fa6d45356"},
    {file = "rpds_py-0.21.0-pp310-pypy310_pp73-manylinux_2_17_x86_64.manylinux2014_x86_64.whl", hash = "sha256:32eb88c30b6a4f0605508023b7141d043a79b14acb3b969aa0b4f99b25bc7d4a"},
    {file = "rpds_py-0.21.0-pp310-pypy310_pp73-manylinux_2_5_i686.manylinux1_i686.whl", hash = "sha256:a89a8ce9e4e75aeb7fa5d8ad0f3fecdee813802592f4f46a15754dcb2fd6b061"},
    {file = "rpds_py-0.21.0-pp310-pypy310_pp73-musllinux_1_2_aarch64.whl", hash = "sha256:241e6c125568493f553c3d0fdbb38c74babf54b45cef86439d4cd97ff8feb34d"},
    {file = "rpds_py-0.21.0-pp310-pypy310_pp73-musllinux_1_2_i686.whl", hash = "sha256:3b766a9f57663396e4f34f5140b3595b233a7b146e94777b97a8413a1da1be18"},
    {file = "rpds_py-0.21.0-pp310-pypy310_pp73-musllinux_1_2_x86_64.whl", hash = "sha256:af4a644bf890f56e41e74be7d34e9511e4954894d544ec6b8efe1e21a1a8da6c"},
    {file = "rpds_py-0.21.0-pp310-pypy310_pp73-win_amd64.whl", hash = "sha256:3e30a69a706e8ea20444b98a49f386c17b26f860aa9245329bab0851ed100677"},
    {file = "rpds_py-0.21.0-pp39-pypy39_pp73-macosx_10_12_x86_64.whl", hash = "sha256:031819f906bb146561af051c7cef4ba2003d28cff07efacef59da973ff7969ba"},
    {file = "rpds_py-0.21.0-pp39-pypy39_pp73-macosx_11_0_arm64.whl", hash = "sha256:b876f2bc27ab5954e2fd88890c071bd0ed18b9c50f6ec3de3c50a5ece612f7a6"},
    {file = "rpds_py-0.21.0-pp39-pypy39_pp73-manylinux_2_17_aarch64.manylinux2014_aarch64.whl", hash = "sha256:dc5695c321e518d9f03b7ea6abb5ea3af4567766f9852ad1560f501b17588c7b"},
    {file = "rpds_py-0.21.0-pp39-pypy39_pp73-manylinux_2_17_armv7l.manylinux2014_armv7l.whl", hash = "sha256:b4de1da871b5c0fd5537b26a6fc6814c3cc05cabe0c941db6e9044ffbb12f04a"},
    {file = "rpds_py-0.21.0-pp39-pypy39_pp73-manylinux_2_17_ppc64le.manylinux2014_ppc64le.whl", hash = "sha256:878f6fea96621fda5303a2867887686d7a198d9e0f8a40be100a63f5d60c88c9"},
    {file = "rpds_py-0.21.0-pp39-pypy39_pp73-manylinux_2_17_s390x.manylinux2014_s390x.whl", hash = "sha256:a8eeec67590e94189f434c6d11c426892e396ae59e4801d17a93ac96b8c02a6c"},
    {file = "rpds_py-0.21.0-pp39-pypy39_pp73-manylinux_2_17_x86_64.manylinux2014_x86_64.whl", hash = "sha256:1ff2eba7f6c0cb523d7e9cff0903f2fe1feff8f0b2ceb6bd71c0e20a4dcee271"},
    {file = "rpds_py-0.21.0-pp39-pypy39_pp73-manylinux_2_5_i686.manylinux1_i686.whl", hash = "sha256:a429b99337062877d7875e4ff1a51fe788424d522bd64a8c0a20ef3021fdb6ed"},
    {file = "rpds_py-0.21.0-pp39-pypy39_pp73-musllinux_1_2_aarch64.whl", hash = "sha256:d167e4dbbdac48bd58893c7e446684ad5d425b407f9336e04ab52e8b9194e2ed"},
    {file = "rpds_py-0.21.0-pp39-pypy39_pp73-musllinux_1_2_i686.whl", hash = "sha256:4eb2de8a147ffe0626bfdc275fc6563aa7bf4b6db59cf0d44f0ccd6ca625a24e"},
    {file = "rpds_py-0.21.0-pp39-pypy39_pp73-musllinux_1_2_x86_64.whl", hash = "sha256:e78868e98f34f34a88e23ee9ccaeeec460e4eaf6db16d51d7a9b883e5e785a5e"},
    {file = "rpds_py-0.21.0-pp39-pypy39_pp73-win_amd64.whl", hash = "sha256:4991ca61656e3160cdaca4851151fd3f4a92e9eba5c7a530ab030d6aee96ec89"},
    {file = "rpds_py-0.21.0.tar.gz", hash = "sha256:ed6378c9d66d0de903763e7706383d60c33829581f0adff47b6535f1802fa6db"},
]

[[package]]
name = "tomli"
version = "2.1.0"
description = "A lil' TOML parser"
optional = false
python-versions = ">=3.8"
files = [
    {file = "tomli-2.1.0-py3-none-any.whl", hash = "sha256:a5c57c3d1c56f5ccdf89f6523458f60ef716e210fc47c4cfb188c5ba473e0391"},
    {file = "tomli-2.1.0.tar.gz", hash = "sha256:3f646cae2aec94e17d04973e4249548320197cfabdf130015d023de4b74d8ab8"},
]

[[package]]
name = "urllib3"
version = "2.2.3"
description = "HTTP library with thread-safe connection pooling, file post, and more."
optional = false
python-versions = ">=3.8"
files = [
    {file = "urllib3-2.2.3-py3-none-any.whl", hash = "sha256:ca899ca043dcb1bafa3e262d73aa25c465bfb49e0bd9dd5d59f1d0acba2f8fac"},
    {file = "urllib3-2.2.3.tar.gz", hash = "sha256:e7d814a81dad81e6caf2ec9fdedb284ecc9c73076b62654547cc64ccdcae26e9"},
]

[package.extras]
brotli = ["brotli (>=1.0.9)", "brotlicffi (>=0.8.0)"]
h2 = ["h2 (>=4,<5)"]
socks = ["pysocks (>=1.5.6,!=1.5.7,<2.0)"]
zstd = ["zstandard (>=0.18.0)"]

[[package]]
name = "win32-setctime"
version = "1.1.0"
description = "A small Python utility to set file creation time on Windows"
optional = false
python-versions = ">=3.5"
files = [
    {file = "win32_setctime-1.1.0-py3-none-any.whl", hash = "sha256:231db239e959c2fe7eb1d7dc129f11172354f98361c4fa2d6d2d7e278baa8aad"},
    {file = "win32_setctime-1.1.0.tar.gz", hash = "sha256:15cf5750465118d6929ae4de4eb46e8edae9a5634350c01ba582df868e932cb2"},
]

[package.extras]
dev = ["black (>=19.3b0)", "pytest (>=4.6.2)"]

[metadata]
lock-version = "2.0"
python-versions = "^3.10.0"
content-hash = "a0d9eed9edcd989b948c18de5df777e02bd834154bc049244716d94796d53f3e"
